
Microsoft Visual Studio Solution File, Format Version 12.00
# Visual Studio Version 17
VisualStudioVersion = 17.5.33516.290
MinimumVisualStudioVersion = 10.0.40219.1
Project("{FAE04EC0-301F-11D3-BF4B-00C04F79EFBC}") = "OkulApp", "OkulApp\OkulApp.csproj", "{973F0C1E-7D02-4E4D-9B41-6D8960C4BC2D}"
EndProject
Project("{9A19103F-16F7-4668-BE54-9A1E7A4F7556}") = "OkulApp.MODEL", "OkulApp.MODEL\OkulApp.MODEL.csproj", "{DD19068C-9B73-44C5-BAC9-4E65FEC80B6D}"
EndProject
Project("{FAE04EC0-301F-11D3-BF4B-00C04F79EFBC}") = "OkulApp.BLL", "OkulApp.BLL\OkulApp.BLL.csproj", "{E505F034-1DC4-4AC7-A463-0247B811164F}"
EndProject
Project("{FAE04EC0-301F-11D3-BF4B-00C04F79EFBC}") = "OkulApp.DAL", "OkulApp.DAL\OkulApp.DAL.csproj", "{4278FB4C-6DCA-4F5E-AC72-6F81E55878CD}"
EndProject
Global
	GlobalSection(SolutionConfigurationPlatforms) = preSolution
		Debug|Any CPU = Debug|Any CPU
		Release|Any CPU = Release|Any CPU
	EndGlobalSection
	GlobalSection(ProjectConfigurationPlatforms) = postSolution
		{973F0C1E-7D02-4E4D-9B41-6D8960C4BC2D}.Debug|Any CPU.ActiveCfg = Debug|Any CPU
		{973F0C1E-7D02-4E4D-9B41-6D8960C4BC2D}.Debug|Any CPU.Build.0 = Debug|Any CPU
		{973F0C1E-7D02-4E4D-9B41-6D8960C4BC2D}.Release|Any CPU.ActiveCfg = Release|Any CPU
		{973F0C1E-7D02-4E4D-9B41-6D8960C4BC2D}.Release|Any CPU.Build.0 = Release|Any CPU
		{DD19068C-9B73-44C5-BAC9-4E65FEC80B6D}.Debug|Any CPU.ActiveCfg = Debug|Any CPU
		{DD19068C-9B73-44C5-BAC9-4E65FEC80B6D}.Debug|Any CPU.Build.0 = Debug|Any CPU
		{DD19068C-9B73-44C5-BAC9-4E65FEC80B6D}.Release|Any CPU.ActiveCfg = Release|Any CPU
		{DD19068C-9B73-44C5-BAC9-4E65FEC80B6D}.Release|Any CPU.Build.0 = Release|Any CPU
		{E505F034-1DC4-4AC7-A463-0247B811164F}.Debug|Any CPU.ActiveCfg = Debug|Any CPU
		{E505F034-1DC4-4AC7-A463-0247B811164F}.Debug|Any CPU.Build.0 = Debug|Any CPU
		{E505F034-1DC4-4AC7-A463-0247B811164F}.Release|Any CPU.ActiveCfg = Release|Any CPU
		{E505F034-1DC4-4AC7-A463-0247B811164F}.Release|Any CPU.Build.0 = Release|Any CPU
		{4278FB4C-6DCA-4F5E-AC72-6F81E55878CD}.Debug|Any CPU.ActiveCfg = Debug|Any CPU
		{4278FB4C-6DCA-4F5E-AC72-6F81E55878CD}.Debug|Any CPU.Build.0 = Debug|Any CPU
		{4278FB4C-6DCA-4F5E-AC72-6F81E55878CD}.Release|Any CPU.ActiveCfg = Release|Any CPU
		{4278FB4C-6DCA-4F5E-AC72-6F81E55878CD}.Release|Any CPU.Build.0 = Release|Any CPU
	EndGlobalSection
	GlobalSection(SolutionProperties) = preSolution
		HideSolutionNode = FALSE
	EndGlobalSection
	GlobalSection(ExtensibilityGlobals) = postSolution
		SolutionGuid = {9C4166EE-377E-4DD8-BD3C-0FDDCCDD8019}
	EndGlobalSection
EndGlobal
